
Microsoft Visual Studio Solution File, Format Version 12.00
# Visual Studio 14
VisualStudioVersion = 14.0.25123.0
MinimumVisualStudioVersion = 10.0.40219.1
Project("{FAE04EC0-301F-11D3-BF4B-00C04F79EFBC}") = "D2ExcelWrapper", "D2ExcelWrapper\D2ExcelWrapper.csproj", "{D6791653-1BB0-42F1-8CF8-924795A4DF49}"
EndProject
Project("{FAE04EC0-301F-11D3-BF4B-00C04F79EFBC}") = "TestD2ExcelWrapper", "TestD2ExcelWrapper\TestD2ExcelWrapper.csproj", "{460B0B7F-34CD-4CD2-BB2E-914B14181C8F}"
EndProject
Global
	GlobalSection(SolutionConfigurationPlatforms) = preSolution
		Debug|Any CPU = Debug|Any CPU
		Debug|x86 = Debug|x86
		Release|Any CPU = Release|Any CPU
		Release|x86 = Release|x86
	EndGlobalSection
	GlobalSection(ProjectConfigurationPlatforms) = postSolution
		{D6791653-1BB0-42F1-8CF8-924795A4DF49}.Debug|Any CPU.ActiveCfg = Debug|Any CPU
		{D6791653-1BB0-42F1-8CF8-924795A4DF49}.Debug|Any CPU.Build.0 = Debug|Any CPU
		{D6791653-1BB0-42F1-8CF8-924795A4DF49}.Debug|x86.ActiveCfg = Debug|x86
		{D6791653-1BB0-42F1-8CF8-924795A4DF49}.Debug|x86.Build.0 = Debug|x86
		{D6791653-1BB0-42F1-8CF8-924795A4DF49}.Release|Any CPU.ActiveCfg = Release|Any CPU
		{D6791653-1BB0-42F1-8CF8-924795A4DF49}.Release|Any CPU.Build.0 = Release|Any CPU
		{D6791653-1BB0-42F1-8CF8-924795A4DF49}.Release|x86.ActiveCfg = Release|x86
		{D6791653-1BB0-42F1-8CF8-924795A4DF49}.Release|x86.Build.0 = Release|x86
		{460B0B7F-34CD-4CD2-BB2E-914B14181C8F}.Debug|Any CPU.ActiveCfg = Debug|Any CPU
		{460B0B7F-34CD-4CD2-BB2E-914B14181C8F}.Debug|Any CPU.Build.0 = Debug|Any CPU
		{460B0B7F-34CD-4CD2-BB2E-914B14181C8F}.Debug|x86.ActiveCfg = Debug|x86
		{460B0B7F-34CD-4CD2-BB2E-914B14181C8F}.Debug|x86.Build.0 = Debug|x86
		{460B0B7F-34CD-4CD2-BB2E-914B14181C8F}.Release|Any CPU.ActiveCfg = Release|Any CPU
		{460B0B7F-34CD-4CD2-BB2E-914B14181C8F}.Release|Any CPU.Build.0 = Release|Any CPU
		{460B0B7F-34CD-4CD2-BB2E-914B14181C8F}.Release|x86.ActiveCfg = Release|Any CPU
		{460B0B7F-34CD-4CD2-BB2E-914B14181C8F}.Release|x86.Build.0 = Release|Any CPU
	EndGlobalSection
	GlobalSection(SolutionProperties) = preSolution
		HideSolutionNode = FALSE
	EndGlobalSection
	GlobalSection(TeamFoundationVersionControl) = preSolution
		SccNumberOfProjects = 3
		SccEnterpriseProvider = {4CA58AB2-18FA-4F8D-95D4-32DDF27D184C}
		SccTeamFoundationServer = https://toschkin.visualstudio.com/defaultcollection
		SccLocalPath0 = .
		SccProjectUniqueName1 = D2ExcelWrapper\\D2ExcelWrapper.csproj
		SccProjectName1 = D2ExcelWrapper
		SccLocalPath1 = D2ExcelWrapper
		SccProjectUniqueName2 = TestD2ExcelWrapper\\TestD2ExcelWrapper.csproj
		SccProjectName2 = TestD2ExcelWrapper
		SccLocalPath2 = TestD2ExcelWrapper
	EndGlobalSection
EndGlobal
